
Microsoft Visual Studio Solution File, Format Version 12.00
# Visual Studio 15
VisualStudioVersion = 15.0.27703.2035
MinimumVisualStudioVersion = 10.0.40219.1
Project("{FAE04EC0-301F-11D3-BF4B-00C04F79EFBC}") = "Sample.Android", "Sample.Android\Sample.Android.csproj", "{25798279-000F-40AD-BD80-50D0C0490AC0}"
EndProject
Project("{FAE04EC0-301F-11D3-BF4B-00C04F79EFBC}") = "Sample.iOS", "Sample.iOS\Sample.iOS.csproj", "{0CE49674-9047-4723-B3F3-A446F4241C09}"
EndProject
Project("{FAE04EC0-301F-11D3-BF4B-00C04F79EFBC}") = "Sample.UWP", "Sample.UWP\Sample.UWP.csproj", "{91D008B1-0980-4ABA-B789-F88AB1155D1A}"
EndProject
Project("{9A19103F-16F7-4668-BE54-9A1E7A4F7556}") = "Sample", "Sample\Sample.csproj", "{02BE01DA-EFDD-4546-9C6C-2D49CE8F14F8}"
EndProject
Project("{FAE04EC0-301F-11D3-BF4B-00C04F79EFBC}") = "Sample.Native.iOS", "Sample.Native.iOS\Sample.Native.iOS.csproj", "{4C22BFDA-5874-4348-B67D-2B06D262BAE4}"
EndProject
Global
	GlobalSection(SolutionConfigurationPlatforms) = preSolution
		Ad-Hoc|Any CPU = Ad-Hoc|Any CPU
		Ad-Hoc|ARM = Ad-Hoc|ARM
		Ad-Hoc|iPhone = Ad-Hoc|iPhone
		Ad-Hoc|iPhoneSimulator = Ad-Hoc|iPhoneSimulator
		Ad-Hoc|x64 = Ad-Hoc|x64
		Ad-Hoc|x86 = Ad-Hoc|x86
		AppStore|Any CPU = AppStore|Any CPU
		AppStore|ARM = AppStore|ARM
		AppStore|iPhone = AppStore|iPhone
		AppStore|iPhoneSimulator = AppStore|iPhoneSimulator
		AppStore|x64 = AppStore|x64
		AppStore|x86 = AppStore|x86
		Debug|Any CPU = Debug|Any CPU
		Debug|ARM = Debug|ARM
		Debug|iPhone = Debug|iPhone
		Debug|iPhoneSimulator = Debug|iPhoneSimulator
		Debug|x64 = Debug|x64
		Debug|x86 = Debug|x86
		Release|Any CPU = Release|Any CPU
		Release|ARM = Release|ARM
		Release|iPhone = Release|iPhone
		Release|iPhoneSimulator = Release|iPhoneSimulator
		Release|x64 = Release|x64
		Release|x86 = Release|x86
	EndGlobalSection
	GlobalSection(ProjectConfigurationPlatforms) = postSolution
		{25798279-000F-40AD-BD80-50D0C0490AC0}.Ad-Hoc|Any CPU.ActiveCfg = Release|Any CPU
		{25798279-000F-40AD-BD80-50D0C0490AC0}.Ad-Hoc|Any CPU.Build.0 = Release|Any CPU
		{25798279-000F-40AD-BD80-50D0C0490AC0}.Ad-Hoc|Any CPU.Deploy.0 = Release|Any CPU
		{25798279-000F-40AD-BD80-50D0C0490AC0}.Ad-Hoc|ARM.ActiveCfg = Release|Any CPU
		{25798279-000F-40AD-BD80-50D0C0490AC0}.Ad-Hoc|ARM.Build.0 = Release|Any CPU
		{25798279-000F-40AD-BD80-50D0C0490AC0}.Ad-Hoc|ARM.Deploy.0 = Release|Any CPU
		{25798279-000F-40AD-BD80-50D0C0490AC0}.Ad-Hoc|iPhone.ActiveCfg = Release|Any CPU
		{25798279-000F-40AD-BD80-50D0C0490AC0}.Ad-Hoc|iPhone.Build.0 = Release|Any CPU
		{25798279-000F-40AD-BD80-50D0C0490AC0}.Ad-Hoc|iPhone.Deploy.0 = Release|Any CPU
		{25798279-000F-40AD-BD80-50D0C0490AC0}.Ad-Hoc|iPhoneSimulator.ActiveCfg = Release|Any CPU
		{25798279-000F-40AD-BD80-50D0C0490AC0}.Ad-Hoc|iPhoneSimulator.Build.0 = Release|Any CPU
		{25798279-000F-40AD-BD80-50D0C0490AC0}.Ad-Hoc|iPhoneSimulator.Deploy.0 = Release|Any CPU
		{25798279-000F-40AD-BD80-50D0C0490AC0}.Ad-Hoc|x64.ActiveCfg = Release|Any CPU
		{25798279-000F-40AD-BD80-50D0C0490AC0}.Ad-Hoc|x64.Build.0 = Release|Any CPU
		{25798279-000F-40AD-BD80-50D0C0490AC0}.Ad-Hoc|x64.Deploy.0 = Release|Any CPU
		{25798279-000F-40AD-BD80-50D0C0490AC0}.Ad-Hoc|x86.ActiveCfg = Release|Any CPU
		{25798279-000F-40AD-BD80-50D0C0490AC0}.Ad-Hoc|x86.Build.0 = Release|Any CPU
		{25798279-000F-40AD-BD80-50D0C0490AC0}.Ad-Hoc|x86.Deploy.0 = Release|Any CPU
		{25798279-000F-40AD-BD80-50D0C0490AC0}.AppStore|Any CPU.ActiveCfg = Release|Any CPU
		{25798279-000F-40AD-BD80-50D0C0490AC0}.AppStore|Any CPU.Build.0 = Release|Any CPU
		{25798279-000F-40AD-BD80-50D0C0490AC0}.AppStore|Any CPU.Deploy.0 = Release|Any CPU
		{25798279-000F-40AD-BD80-50D0C0490AC0}.AppStore|ARM.ActiveCfg = Release|Any CPU
		{25798279-000F-40AD-BD80-50D0C0490AC0}.AppStore|ARM.Build.0 = Release|Any CPU
		{25798279-000F-40AD-BD80-50D0C0490AC0}.AppStore|ARM.Deploy.0 = Release|Any CPU
		{25798279-000F-40AD-BD80-50D0C0490AC0}.AppStore|iPhone.ActiveCfg = Release|Any CPU
		{25798279-000F-40AD-BD80-50D0C0490AC0}.AppStore|iPhone.Build.0 = Release|Any CPU
		{25798279-000F-40AD-BD80-50D0C0490AC0}.AppStore|iPhone.Deploy.0 = Release|Any CPU
		{25798279-000F-40AD-BD80-50D0C0490AC0}.AppStore|iPhoneSimulator.ActiveCfg = Release|Any CPU
		{25798279-000F-40AD-BD80-50D0C0490AC0}.AppStore|iPhoneSimulator.Build.0 = Release|Any CPU
		{25798279-000F-40AD-BD80-50D0C0490AC0}.AppStore|iPhoneSimulator.Deploy.0 = Release|Any CPU
		{25798279-000F-40AD-BD80-50D0C0490AC0}.AppStore|x64.ActiveCfg = Release|Any CPU
		{25798279-000F-40AD-BD80-50D0C0490AC0}.AppStore|x64.Build.0 = Release|Any CPU
		{25798279-000F-40AD-BD80-50D0C0490AC0}.AppStore|x64.Deploy.0 = Release|Any CPU
		{25798279-000F-40AD-BD80-50D0C0490AC0}.AppStore|x86.ActiveCfg = Release|Any CPU
		{25798279-000F-40AD-BD80-50D0C0490AC0}.AppStore|x86.Build.0 = Release|Any CPU
		{25798279-000F-40AD-BD80-50D0C0490AC0}.AppStore|x86.Deploy.0 = Release|Any CPU
		{25798279-000F-40AD-BD80-50D0C0490AC0}.Debug|Any CPU.ActiveCfg = Debug|Any CPU
		{25798279-000F-40AD-BD80-50D0C0490AC0}.Debug|Any CPU.Build.0 = Debug|Any CPU
		{25798279-000F-40AD-BD80-50D0C0490AC0}.Debug|Any CPU.Deploy.0 = Debug|Any CPU
		{25798279-000F-40AD-BD80-50D0C0490AC0}.Debug|ARM.ActiveCfg = Debug|Any CPU
		{25798279-000F-40AD-BD80-50D0C0490AC0}.Debug|ARM.Build.0 = Debug|Any CPU
		{25798279-000F-40AD-BD80-50D0C0490AC0}.Debug|ARM.Deploy.0 = Debug|Any CPU
		{25798279-000F-40AD-BD80-50D0C0490AC0}.Debug|iPhone.ActiveCfg = Debug|Any CPU
		{25798279-000F-40AD-BD80-50D0C0490AC0}.Debug|iPhone.Build.0 = Debug|Any CPU
		{25798279-000F-40AD-BD80-50D0C0490AC0}.Debug|iPhone.Deploy.0 = Debug|Any CPU
		{25798279-000F-40AD-BD80-50D0C0490AC0}.Debug|iPhoneSimulator.ActiveCfg = Debug|Any CPU
		{25798279-000F-40AD-BD80-50D0C0490AC0}.Debug|iPhoneSimulator.Build.0 = Debug|Any CPU
		{25798279-000F-40AD-BD80-50D0C0490AC0}.Debug|iPhoneSimulator.Deploy.0 = Debug|Any CPU
		{25798279-000F-40AD-BD80-50D0C0490AC0}.Debug|x64.ActiveCfg = Debug|Any CPU
		{25798279-000F-40AD-BD80-50D0C0490AC0}.Debug|x64.Build.0 = Debug|Any CPU
		{25798279-000F-40AD-BD80-50D0C0490AC0}.Debug|x64.Deploy.0 = Debug|Any CPU
		{25798279-000F-40AD-BD80-50D0C0490AC0}.Debug|x86.ActiveCfg = Debug|Any CPU
		{25798279-000F-40AD-BD80-50D0C0490AC0}.Debug|x86.Build.0 = Debug|Any CPU
		{25798279-000F-40AD-BD80-50D0C0490AC0}.Debug|x86.Deploy.0 = Debug|Any CPU
		{25798279-000F-40AD-BD80-50D0C0490AC0}.Release|Any CPU.ActiveCfg = Release|Any CPU
		{25798279-000F-40AD-BD80-50D0C0490AC0}.Release|Any CPU.Build.0 = Release|Any CPU
		{25798279-000F-40AD-BD80-50D0C0490AC0}.Release|Any CPU.Deploy.0 = Release|Any CPU
		{25798279-000F-40AD-BD80-50D0C0490AC0}.Release|ARM.ActiveCfg = Release|Any CPU
		{25798279-000F-40AD-BD80-50D0C0490AC0}.Release|ARM.Build.0 = Release|Any CPU
		{25798279-000F-40AD-BD80-50D0C0490AC0}.Release|ARM.Deploy.0 = Release|Any CPU
		{25798279-000F-40AD-BD80-50D0C0490AC0}.Release|iPhone.ActiveCfg = Release|Any CPU
		{25798279-000F-40AD-BD80-50D0C0490AC0}.Release|iPhone.Build.0 = Release|Any CPU
		{25798279-000F-40AD-BD80-50D0C0490AC0}.Release|iPhone.Deploy.0 = Release|Any CPU
		{25798279-000F-40AD-BD80-50D0C0490AC0}.Release|iPhoneSimulator.ActiveCfg = Release|Any CPU
		{25798279-000F-40AD-BD80-50D0C0490AC0}.Release|iPhoneSimulator.Build.0 = Release|Any CPU
		{25798279-000F-40AD-BD80-50D0C0490AC0}.Release|iPhoneSimulator.Deploy.0 = Release|Any CPU
		{25798279-000F-40AD-BD80-50D0C0490AC0}.Release|x64.ActiveCfg = Release|Any CPU
		{25798279-000F-40AD-BD80-50D0C0490AC0}.Release|x64.Build.0 = Release|Any CPU
		{25798279-000F-40AD-BD80-50D0C0490AC0}.Release|x64.Deploy.0 = Release|Any CPU
		{25798279-000F-40AD-BD80-50D0C0490AC0}.Release|x86.ActiveCfg = Release|Any CPU
		{25798279-000F-40AD-BD80-50D0C0490AC0}.Release|x86.Build.0 = Release|Any CPU
		{25798279-000F-40AD-BD80-50D0C0490AC0}.Release|x86.Deploy.0 = Release|Any CPU
		{0CE49674-9047-4723-B3F3-A446F4241C09}.Ad-Hoc|Any CPU.ActiveCfg = Ad-Hoc|iPhone
		{0CE49674-9047-4723-B3F3-A446F4241C09}.Ad-Hoc|Any CPU.Build.0 = Ad-Hoc|iPhone
		{0CE49674-9047-4723-B3F3-A446F4241C09}.Ad-Hoc|Any CPU.Deploy.0 = Ad-Hoc|iPhone
		{0CE49674-9047-4723-B3F3-A446F4241C09}.Ad-Hoc|ARM.ActiveCfg = Ad-Hoc|iPhone
		{0CE49674-9047-4723-B3F3-A446F4241C09}.Ad-Hoc|ARM.Build.0 = Ad-Hoc|iPhone
		{0CE49674-9047-4723-B3F3-A446F4241C09}.Ad-Hoc|ARM.Deploy.0 = Ad-Hoc|iPhone
		{0CE49674-9047-4723-B3F3-A446F4241C09}.Ad-Hoc|iPhone.ActiveCfg = Ad-Hoc|iPhone
		{0CE49674-9047-4723-B3F3-A446F4241C09}.Ad-Hoc|iPhone.Build.0 = Ad-Hoc|iPhone
		{0CE49674-9047-4723-B3F3-A446F4241C09}.Ad-Hoc|iPhone.Deploy.0 = Ad-Hoc|iPhone
		{0CE49674-9047-4723-B3F3-A446F4241C09}.Ad-Hoc|iPhoneSimulator.ActiveCfg = Ad-Hoc|iPhoneSimulator
		{0CE49674-9047-4723-B3F3-A446F4241C09}.Ad-Hoc|iPhoneSimulator.Build.0 = Ad-Hoc|iPhoneSimulator
		{0CE49674-9047-4723-B3F3-A446F4241C09}.Ad-Hoc|iPhoneSimulator.Deploy.0 = Ad-Hoc|iPhoneSimulator
		{0CE49674-9047-4723-B3F3-A446F4241C09}.Ad-Hoc|x64.ActiveCfg = Ad-Hoc|iPhone
		{0CE49674-9047-4723-B3F3-A446F4241C09}.Ad-Hoc|x64.Build.0 = Ad-Hoc|iPhone
		{0CE49674-9047-4723-B3F3-A446F4241C09}.Ad-Hoc|x64.Deploy.0 = Ad-Hoc|iPhone
		{0CE49674-9047-4723-B3F3-A446F4241C09}.Ad-Hoc|x86.ActiveCfg = Ad-Hoc|iPhone
		{0CE49674-9047-4723-B3F3-A446F4241C09}.Ad-Hoc|x86.Build.0 = Ad-Hoc|iPhone
		{0CE49674-9047-4723-B3F3-A446F4241C09}.Ad-Hoc|x86.Deploy.0 = Ad-Hoc|iPhone
		{0CE49674-9047-4723-B3F3-A446F4241C09}.AppStore|Any CPU.ActiveCfg = AppStore|iPhone
		{0CE49674-9047-4723-B3F3-A446F4241C09}.AppStore|Any CPU.Build.0 = AppStore|iPhone
		{0CE49674-9047-4723-B3F3-A446F4241C09}.AppStore|Any CPU.Deploy.0 = AppStore|iPhone
		{0CE49674-9047-4723-B3F3-A446F4241C09}.AppStore|ARM.ActiveCfg = AppStore|iPhone
		{0CE49674-9047-4723-B3F3-A446F4241C09}.AppStore|ARM.Build.0 = AppStore|iPhone
		{0CE49674-9047-4723-B3F3-A446F4241C09}.AppStore|ARM.Deploy.0 = AppStore|iPhone
		{0CE49674-9047-4723-B3F3-A446F4241C09}.AppStore|iPhone.ActiveCfg = AppStore|iPhone
		{0CE49674-9047-4723-B3F3-A446F4241C09}.AppStore|iPhone.Build.0 = AppStore|iPhone
		{0CE49674-9047-4723-B3F3-A446F4241C09}.AppStore|iPhone.Deploy.0 = AppStore|iPhone
		{0CE49674-9047-4723-B3F3-A446F4241C09}.AppStore|iPhoneSimulator.ActiveCfg = AppStore|iPhoneSimulator
		{0CE49674-9047-4723-B3F3-A446F4241C09}.AppStore|iPhoneSimulator.Build.0 = AppStore|iPhoneSimulator
		{0CE49674-9047-4723-B3F3-A446F4241C09}.AppStore|iPhoneSimulator.Deploy.0 = AppStore|iPhoneSimulator
		{0CE49674-9047-4723-B3F3-A446F4241C09}.AppStore|x64.ActiveCfg = AppStore|iPhone
		{0CE49674-9047-4723-B3F3-A446F4241C09}.AppStore|x64.Build.0 = AppStore|iPhone
		{0CE49674-9047-4723-B3F3-A446F4241C09}.AppStore|x64.Deploy.0 = AppStore|iPhone
		{0CE49674-9047-4723-B3F3-A446F4241C09}.AppStore|x86.ActiveCfg = AppStore|iPhone
		{0CE49674-9047-4723-B3F3-A446F4241C09}.AppStore|x86.Build.0 = AppStore|iPhone
		{0CE49674-9047-4723-B3F3-A446F4241C09}.AppStore|x86.Deploy.0 = AppStore|iPhone
		{0CE49674-9047-4723-B3F3-A446F4241C09}.Debug|Any CPU.ActiveCfg = Debug|iPhoneSimulator
		{0CE49674-9047-4723-B3F3-A446F4241C09}.Debug|Any CPU.Build.0 = Debug|iPhoneSimulator
		{0CE49674-9047-4723-B3F3-A446F4241C09}.Debug|Any CPU.Deploy.0 = Debug|iPhoneSimulator
		{0CE49674-9047-4723-B3F3-A446F4241C09}.Debug|ARM.ActiveCfg = Debug|iPhone
		{0CE49674-9047-4723-B3F3-A446F4241C09}.Debug|ARM.Build.0 = Debug|iPhone
		{0CE49674-9047-4723-B3F3-A446F4241C09}.Debug|ARM.Deploy.0 = Debug|iPhone
		{0CE49674-9047-4723-B3F3-A446F4241C09}.Debug|iPhone.ActiveCfg = Debug|iPhone
		{0CE49674-9047-4723-B3F3-A446F4241C09}.Debug|iPhone.Build.0 = Debug|iPhone
		{0CE49674-9047-4723-B3F3-A446F4241C09}.Debug|iPhone.Deploy.0 = Debug|iPhone
		{0CE49674-9047-4723-B3F3-A446F4241C09}.Debug|iPhoneSimulator.ActiveCfg = Debug|iPhoneSimulator
		{0CE49674-9047-4723-B3F3-A446F4241C09}.Debug|iPhoneSimulator.Build.0 = Debug|iPhoneSimulator
		{0CE49674-9047-4723-B3F3-A446F4241C09}.Debug|iPhoneSimulator.Deploy.0 = Debug|iPhoneSimulator
		{0CE49674-9047-4723-B3F3-A446F4241C09}.Debug|x64.ActiveCfg = Debug|iPhone
		{0CE49674-9047-4723-B3F3-A446F4241C09}.Debug|x64.Build.0 = Debug|iPhone
		{0CE49674-9047-4723-B3F3-A446F4241C09}.Debug|x64.Deploy.0 = Debug|iPhone
		{0CE49674-9047-4723-B3F3-A446F4241C09}.Debug|x86.ActiveCfg = Debug|iPhone
		{0CE49674-9047-4723-B3F3-A446F4241C09}.Debug|x86.Build.0 = Debug|iPhone
		{0CE49674-9047-4723-B3F3-A446F4241C09}.Debug|x86.Deploy.0 = Debug|iPhone
		{0CE49674-9047-4723-B3F3-A446F4241C09}.Release|Any CPU.ActiveCfg = Release|iPhone
		{0CE49674-9047-4723-B3F3-A446F4241C09}.Release|Any CPU.Build.0 = Release|iPhone
		{0CE49674-9047-4723-B3F3-A446F4241C09}.Release|Any CPU.Deploy.0 = Release|iPhone
		{0CE49674-9047-4723-B3F3-A446F4241C09}.Release|ARM.ActiveCfg = Release|iPhone
		{0CE49674-9047-4723-B3F3-A446F4241C09}.Release|ARM.Build.0 = Release|iPhone
		{0CE49674-9047-4723-B3F3-A446F4241C09}.Release|ARM.Deploy.0 = Release|iPhone
		{0CE49674-9047-4723-B3F3-A446F4241C09}.Release|iPhone.ActiveCfg = Release|iPhone
		{0CE49674-9047-4723-B3F3-A446F4241C09}.Release|iPhone.Build.0 = Release|iPhone
		{0CE49674-9047-4723-B3F3-A446F4241C09}.Release|iPhone.Deploy.0 = Release|iPhone
		{0CE49674-9047-4723-B3F3-A446F4241C09}.Release|iPhoneSimulator.ActiveCfg = Release|iPhoneSimulator
		{0CE49674-9047-4723-B3F3-A446F4241C09}.Release|iPhoneSimulator.Build.0 = Release|iPhoneSimulator
		{0CE49674-9047-4723-B3F3-A446F4241C09}.Release|iPhoneSimulator.Deploy.0 = Release|iPhoneSimulator
		{0CE49674-9047-4723-B3F3-A446F4241C09}.Release|x64.ActiveCfg = Release|iPhone
		{0CE49674-9047-4723-B3F3-A446F4241C09}.Release|x64.Build.0 = Release|iPhone
		{0CE49674-9047-4723-B3F3-A446F4241C09}.Release|x64.Deploy.0 = Release|iPhone
		{0CE49674-9047-4723-B3F3-A446F4241C09}.Release|x86.ActiveCfg = Release|iPhone
		{0CE49674-9047-4723-B3F3-A446F4241C09}.Release|x86.Build.0 = Release|iPhone
		{0CE49674-9047-4723-B3F3-A446F4241C09}.Release|x86.Deploy.0 = Release|iPhone
		{91D008B1-0980-4ABA-B789-F88AB1155D1A}.Ad-Hoc|Any CPU.ActiveCfg = Release|x86
		{91D008B1-0980-4ABA-B789-F88AB1155D1A}.Ad-Hoc|Any CPU.Build.0 = Release|x86
		{91D008B1-0980-4ABA-B789-F88AB1155D1A}.Ad-Hoc|Any CPU.Deploy.0 = Release|x86
		{91D008B1-0980-4ABA-B789-F88AB1155D1A}.Ad-Hoc|ARM.ActiveCfg = Release|ARM
		{91D008B1-0980-4ABA-B789-F88AB1155D1A}.Ad-Hoc|ARM.Build.0 = Release|ARM
		{91D008B1-0980-4ABA-B789-F88AB1155D1A}.Ad-Hoc|ARM.Deploy.0 = Release|ARM
		{91D008B1-0980-4ABA-B789-F88AB1155D1A}.Ad-Hoc|iPhone.ActiveCfg = Release|x86
		{91D008B1-0980-4ABA-B789-F88AB1155D1A}.Ad-Hoc|iPhone.Build.0 = Release|x86
		{91D008B1-0980-4ABA-B789-F88AB1155D1A}.Ad-Hoc|iPhone.Deploy.0 = Release|x86
		{91D008B1-0980-4ABA-B789-F88AB1155D1A}.Ad-Hoc|iPhoneSimulator.ActiveCfg = Release|x86
		{91D008B1-0980-4ABA-B789-F88AB1155D1A}.Ad-Hoc|iPhoneSimulator.Build.0 = Release|x86
		{91D008B1-0980-4ABA-B789-F88AB1155D1A}.Ad-Hoc|iPhoneSimulator.Deploy.0 = Release|x86
		{91D008B1-0980-4ABA-B789-F88AB1155D1A}.Ad-Hoc|x64.ActiveCfg = Release|x64
		{91D008B1-0980-4ABA-B789-F88AB1155D1A}.Ad-Hoc|x64.Build.0 = Release|x64
		{91D008B1-0980-4ABA-B789-F88AB1155D1A}.Ad-Hoc|x64.Deploy.0 = Release|x64
		{91D008B1-0980-4ABA-B789-F88AB1155D1A}.Ad-Hoc|x86.ActiveCfg = Release|x86
		{91D008B1-0980-4ABA-B789-F88AB1155D1A}.Ad-Hoc|x86.Build.0 = Release|x86
		{91D008B1-0980-4ABA-B789-F88AB1155D1A}.Ad-Hoc|x86.Deploy.0 = Release|x86
		{91D008B1-0980-4ABA-B789-F88AB1155D1A}.AppStore|Any CPU.ActiveCfg = Release|x86
		{91D008B1-0980-4ABA-B789-F88AB1155D1A}.AppStore|Any CPU.Build.0 = Release|x86
		{91D008B1-0980-4ABA-B789-F88AB1155D1A}.AppStore|Any CPU.Deploy.0 = Release|x86
		{91D008B1-0980-4ABA-B789-F88AB1155D1A}.AppStore|ARM.ActiveCfg = Release|ARM
		{91D008B1-0980-4ABA-B789-F88AB1155D1A}.AppStore|ARM.Build.0 = Release|ARM
		{91D008B1-0980-4ABA-B789-F88AB1155D1A}.AppStore|ARM.Deploy.0 = Release|ARM
		{91D008B1-0980-4ABA-B789-F88AB1155D1A}.AppStore|iPhone.ActiveCfg = Release|x86
		{91D008B1-0980-4ABA-B789-F88AB1155D1A}.AppStore|iPhone.Build.0 = Release|x86
		{91D008B1-0980-4ABA-B789-F88AB1155D1A}.AppStore|iPhone.Deploy.0 = Release|x86
		{91D008B1-0980-4ABA-B789-F88AB1155D1A}.AppStore|iPhoneSimulator.ActiveCfg = Release|x86
		{91D008B1-0980-4ABA-B789-F88AB1155D1A}.AppStore|iPhoneSimulator.Build.0 = Release|x86
		{91D008B1-0980-4ABA-B789-F88AB1155D1A}.AppStore|iPhoneSimulator.Deploy.0 = Release|x86
		{91D008B1-0980-4ABA-B789-F88AB1155D1A}.AppStore|x64.ActiveCfg = Release|x64
		{91D008B1-0980-4ABA-B789-F88AB1155D1A}.AppStore|x64.Build.0 = Release|x64
		{91D008B1-0980-4ABA-B789-F88AB1155D1A}.AppStore|x64.Deploy.0 = Release|x64
		{91D008B1-0980-4ABA-B789-F88AB1155D1A}.AppStore|x86.ActiveCfg = Release|x86
		{91D008B1-0980-4ABA-B789-F88AB1155D1A}.AppStore|x86.Build.0 = Release|x86
		{91D008B1-0980-4ABA-B789-F88AB1155D1A}.AppStore|x86.Deploy.0 = Release|x86
		{91D008B1-0980-4ABA-B789-F88AB1155D1A}.Debug|Any CPU.ActiveCfg = Debug|x86
		{91D008B1-0980-4ABA-B789-F88AB1155D1A}.Debug|Any CPU.Build.0 = Debug|x86
		{91D008B1-0980-4ABA-B789-F88AB1155D1A}.Debug|Any CPU.Deploy.0 = Debug|x86
		{91D008B1-0980-4ABA-B789-F88AB1155D1A}.Debug|ARM.ActiveCfg = Debug|ARM
		{91D008B1-0980-4ABA-B789-F88AB1155D1A}.Debug|ARM.Build.0 = Debug|ARM
		{91D008B1-0980-4ABA-B789-F88AB1155D1A}.Debug|ARM.Deploy.0 = Debug|ARM
		{91D008B1-0980-4ABA-B789-F88AB1155D1A}.Debug|iPhone.ActiveCfg = Debug|x86
		{91D008B1-0980-4ABA-B789-F88AB1155D1A}.Debug|iPhone.Build.0 = Debug|x86
		{91D008B1-0980-4ABA-B789-F88AB1155D1A}.Debug|iPhone.Deploy.0 = Debug|x86
		{91D008B1-0980-4ABA-B789-F88AB1155D1A}.Debug|iPhoneSimulator.ActiveCfg = Debug|x86
		{91D008B1-0980-4ABA-B789-F88AB1155D1A}.Debug|iPhoneSimulator.Build.0 = Debug|x86
		{91D008B1-0980-4ABA-B789-F88AB1155D1A}.Debug|iPhoneSimulator.Deploy.0 = Debug|x86
		{91D008B1-0980-4ABA-B789-F88AB1155D1A}.Debug|x64.ActiveCfg = Debug|x64
		{91D008B1-0980-4ABA-B789-F88AB1155D1A}.Debug|x64.Build.0 = Debug|x64
		{91D008B1-0980-4ABA-B789-F88AB1155D1A}.Debug|x64.Deploy.0 = Debug|x64
		{91D008B1-0980-4ABA-B789-F88AB1155D1A}.Debug|x86.ActiveCfg = Debug|x86
		{91D008B1-0980-4ABA-B789-F88AB1155D1A}.Debug|x86.Build.0 = Debug|x86
		{91D008B1-0980-4ABA-B789-F88AB1155D1A}.Debug|x86.Deploy.0 = Debug|x86
		{91D008B1-0980-4ABA-B789-F88AB1155D1A}.Release|Any CPU.ActiveCfg = Release|x86
		{91D008B1-0980-4ABA-B789-F88AB1155D1A}.Release|Any CPU.Build.0 = Release|x86
		{91D008B1-0980-4ABA-B789-F88AB1155D1A}.Release|Any CPU.Deploy.0 = Release|x86
		{91D008B1-0980-4ABA-B789-F88AB1155D1A}.Release|ARM.ActiveCfg = Release|ARM
		{91D008B1-0980-4ABA-B789-F88AB1155D1A}.Release|ARM.Build.0 = Release|ARM
		{91D008B1-0980-4ABA-B789-F88AB1155D1A}.Release|ARM.Deploy.0 = Release|ARM
		{91D008B1-0980-4ABA-B789-F88AB1155D1A}.Release|iPhone.ActiveCfg = Release|x86
		{91D008B1-0980-4ABA-B789-F88AB1155D1A}.Release|iPhone.Build.0 = Release|x86
		{91D008B1-0980-4ABA-B789-F88AB1155D1A}.Release|iPhone.Deploy.0 = Release|x86
		{91D008B1-0980-4ABA-B789-F88AB1155D1A}.Release|iPhoneSimulator.ActiveCfg = Release|x86
		{91D008B1-0980-4ABA-B789-F88AB1155D1A}.Release|iPhoneSimulator.Build.0 = Release|x86
		{91D008B1-0980-4ABA-B789-F88AB1155D1A}.Release|iPhoneSimulator.Deploy.0 = Release|x86
		{91D008B1-0980-4ABA-B789-F88AB1155D1A}.Release|x64.ActiveCfg = Release|x64
		{91D008B1-0980-4ABA-B789-F88AB1155D1A}.Release|x64.Build.0 = Release|x64
		{91D008B1-0980-4ABA-B789-F88AB1155D1A}.Release|x64.Deploy.0 = Release|x64
		{91D008B1-0980-4ABA-B789-F88AB1155D1A}.Release|x86.ActiveCfg = Release|x86
		{91D008B1-0980-4ABA-B789-F88AB1155D1A}.Release|x86.Build.0 = Release|x86
		{91D008B1-0980-4ABA-B789-F88AB1155D1A}.Release|x86.Deploy.0 = Release|x86
		{02BE01DA-EFDD-4546-9C6C-2D49CE8F14F8}.Ad-Hoc|Any CPU.ActiveCfg = Debug|Any CPU
		{02BE01DA-EFDD-4546-9C6C-2D49CE8F14F8}.Ad-Hoc|Any CPU.Build.0 = Debug|Any CPU
		{02BE01DA-EFDD-4546-9C6C-2D49CE8F14F8}.Ad-Hoc|Any CPU.Deploy.0 = Debug|Any CPU
		{02BE01DA-EFDD-4546-9C6C-2D49CE8F14F8}.Ad-Hoc|ARM.ActiveCfg = Debug|Any CPU
		{02BE01DA-EFDD-4546-9C6C-2D49CE8F14F8}.Ad-Hoc|ARM.Build.0 = Debug|Any CPU
		{02BE01DA-EFDD-4546-9C6C-2D49CE8F14F8}.Ad-Hoc|ARM.Deploy.0 = Debug|Any CPU
		{02BE01DA-EFDD-4546-9C6C-2D49CE8F14F8}.Ad-Hoc|iPhone.ActiveCfg = Debug|Any CPU
		{02BE01DA-EFDD-4546-9C6C-2D49CE8F14F8}.Ad-Hoc|iPhone.Build.0 = Debug|Any CPU
		{02BE01DA-EFDD-4546-9C6C-2D49CE8F14F8}.Ad-Hoc|iPhone.Deploy.0 = Debug|Any CPU
		{02BE01DA-EFDD-4546-9C6C-2D49CE8F14F8}.Ad-Hoc|iPhoneSimulator.ActiveCfg = Debug|Any CPU
		{02BE01DA-EFDD-4546-9C6C-2D49CE8F14F8}.Ad-Hoc|iPhoneSimulator.Build.0 = Debug|Any CPU
		{02BE01DA-EFDD-4546-9C6C-2D49CE8F14F8}.Ad-Hoc|iPhoneSimulator.Deploy.0 = Debug|Any CPU
		{02BE01DA-EFDD-4546-9C6C-2D49CE8F14F8}.Ad-Hoc|x64.ActiveCfg = Debug|Any CPU
		{02BE01DA-EFDD-4546-9C6C-2D49CE8F14F8}.Ad-Hoc|x64.Build.0 = Debug|Any CPU
		{02BE01DA-EFDD-4546-9C6C-2D49CE8F14F8}.Ad-Hoc|x64.Deploy.0 = Debug|Any CPU
		{02BE01DA-EFDD-4546-9C6C-2D49CE8F14F8}.Ad-Hoc|x86.ActiveCfg = Debug|Any CPU
		{02BE01DA-EFDD-4546-9C6C-2D49CE8F14F8}.Ad-Hoc|x86.Build.0 = Debug|Any CPU
		{02BE01DA-EFDD-4546-9C6C-2D49CE8F14F8}.Ad-Hoc|x86.Deploy.0 = Debug|Any CPU
		{02BE01DA-EFDD-4546-9C6C-2D49CE8F14F8}.AppStore|Any CPU.ActiveCfg = Debug|Any CPU
		{02BE01DA-EFDD-4546-9C6C-2D49CE8F14F8}.AppStore|Any CPU.Build.0 = Debug|Any CPU
		{02BE01DA-EFDD-4546-9C6C-2D49CE8F14F8}.AppStore|Any CPU.Deploy.0 = Debug|Any CPU
		{02BE01DA-EFDD-4546-9C6C-2D49CE8F14F8}.AppStore|ARM.ActiveCfg = Debug|Any CPU
		{02BE01DA-EFDD-4546-9C6C-2D49CE8F14F8}.AppStore|ARM.Build.0 = Debug|Any CPU
		{02BE01DA-EFDD-4546-9C6C-2D49CE8F14F8}.AppStore|ARM.Deploy.0 = Debug|Any CPU
		{02BE01DA-EFDD-4546-9C6C-2D49CE8F14F8}.AppStore|iPhone.ActiveCfg = Debug|Any CPU
		{02BE01DA-EFDD-4546-9C6C-2D49CE8F14F8}.AppStore|iPhone.Build.0 = Debug|Any CPU
		{02BE01DA-EFDD-4546-9C6C-2D49CE8F14F8}.AppStore|iPhone.Deploy.0 = Debug|Any CPU
		{02BE01DA-EFDD-4546-9C6C-2D49CE8F14F8}.AppStore|iPhoneSimulator.ActiveCfg = Debug|Any CPU
		{02BE01DA-EFDD-4546-9C6C-2D49CE8F14F8}.AppStore|iPhoneSimulator.Build.0 = Debug|Any CPU
		{02BE01DA-EFDD-4546-9C6C-2D49CE8F14F8}.AppStore|iPhoneSimulator.Deploy.0 = Debug|Any CPU
		{02BE01DA-EFDD-4546-9C6C-2D49CE8F14F8}.AppStore|x64.ActiveCfg = Debug|Any CPU
		{02BE01DA-EFDD-4546-9C6C-2D49CE8F14F8}.AppStore|x64.Build.0 = Debug|Any CPU
		{02BE01DA-EFDD-4546-9C6C-2D49CE8F14F8}.AppStore|x64.Deploy.0 = Debug|Any CPU
		{02BE01DA-EFDD-4546-9C6C-2D49CE8F14F8}.AppStore|x86.ActiveCfg = Debug|Any CPU
		{02BE01DA-EFDD-4546-9C6C-2D49CE8F14F8}.AppStore|x86.Build.0 = Debug|Any CPU
		{02BE01DA-EFDD-4546-9C6C-2D49CE8F14F8}.AppStore|x86.Deploy.0 = Debug|Any CPU
		{02BE01DA-EFDD-4546-9C6C-2D49CE8F14F8}.Debug|Any CPU.ActiveCfg = Debug|Any CPU
		{02BE01DA-EFDD-4546-9C6C-2D49CE8F14F8}.Debug|Any CPU.Build.0 = Debug|Any CPU
		{02BE01DA-EFDD-4546-9C6C-2D49CE8F14F8}.Debug|Any CPU.Deploy.0 = Debug|Any CPU
		{02BE01DA-EFDD-4546-9C6C-2D49CE8F14F8}.Debug|ARM.ActiveCfg = Debug|Any CPU
		{02BE01DA-EFDD-4546-9C6C-2D49CE8F14F8}.Debug|ARM.Build.0 = Debug|Any CPU
		{02BE01DA-EFDD-4546-9C6C-2D49CE8F14F8}.Debug|ARM.Deploy.0 = Debug|Any CPU
		{02BE01DA-EFDD-4546-9C6C-2D49CE8F14F8}.Debug|iPhone.ActiveCfg = Debug|Any CPU
		{02BE01DA-EFDD-4546-9C6C-2D49CE8F14F8}.Debug|iPhone.Build.0 = Debug|Any CPU
		{02BE01DA-EFDD-4546-9C6C-2D49CE8F14F8}.Debug|iPhone.Deploy.0 = Debug|Any CPU
		{02BE01DA-EFDD-4546-9C6C-2D49CE8F14F8}.Debug|iPhoneSimulator.ActiveCfg = Debug|Any CPU
		{02BE01DA-EFDD-4546-9C6C-2D49CE8F14F8}.Debug|iPhoneSimulator.Build.0 = Debug|Any CPU
		{02BE01DA-EFDD-4546-9C6C-2D49CE8F14F8}.Debug|iPhoneSimulator.Deploy.0 = Debug|Any CPU
		{02BE01DA-EFDD-4546-9C6C-2D49CE8F14F8}.Debug|x64.ActiveCfg = Debug|Any CPU
		{02BE01DA-EFDD-4546-9C6C-2D49CE8F14F8}.Debug|x64.Build.0 = Debug|Any CPU
		{02BE01DA-EFDD-4546-9C6C-2D49CE8F14F8}.Debug|x64.Deploy.0 = Debug|Any CPU
		{02BE01DA-EFDD-4546-9C6C-2D49CE8F14F8}.Debug|x86.ActiveCfg = Debug|Any CPU
		{02BE01DA-EFDD-4546-9C6C-2D49CE8F14F8}.Debug|x86.Build.0 = Debug|Any CPU
		{02BE01DA-EFDD-4546-9C6C-2D49CE8F14F8}.Debug|x86.Deploy.0 = Debug|Any CPU
		{02BE01DA-EFDD-4546-9C6C-2D49CE8F14F8}.Release|Any CPU.ActiveCfg = Release|Any CPU
		{02BE01DA-EFDD-4546-9C6C-2D49CE8F14F8}.Release|Any CPU.Build.0 = Release|Any CPU
		{02BE01DA-EFDD-4546-9C6C-2D49CE8F14F8}.Release|Any CPU.Deploy.0 = Release|Any CPU
		{02BE01DA-EFDD-4546-9C6C-2D49CE8F14F8}.Release|ARM.ActiveCfg = Release|Any CPU
		{02BE01DA-EFDD-4546-9C6C-2D49CE8F14F8}.Release|ARM.Build.0 = Release|Any CPU
		{02BE01DA-EFDD-4546-9C6C-2D49CE8F14F8}.Release|ARM.Deploy.0 = Release|Any CPU
		{02BE01DA-EFDD-4546-9C6C-2D49CE8F14F8}.Release|iPhone.ActiveCfg = Release|Any CPU
		{02BE01DA-EFDD-4546-9C6C-2D49CE8F14F8}.Release|iPhone.Build.0 = Release|Any CPU
		{02BE01DA-EFDD-4546-9C6C-2D49CE8F14F8}.Release|iPhone.Deploy.0 = Release|Any CPU
		{02BE01DA-EFDD-4546-9C6C-2D49CE8F14F8}.Release|iPhoneSimulator.ActiveCfg = Release|Any CPU
		{02BE01DA-EFDD-4546-9C6C-2D49CE8F14F8}.Release|iPhoneSimulator.Build.0 = Release|Any CPU
		{02BE01DA-EFDD-4546-9C6C-2D49CE8F14F8}.Release|iPhoneSimulator.Deploy.0 = Release|Any CPU
		{02BE01DA-EFDD-4546-9C6C-2D49CE8F14F8}.Release|x64.ActiveCfg = Release|Any CPU
		{02BE01DA-EFDD-4546-9C6C-2D49CE8F14F8}.Release|x64.Build.0 = Release|Any CPU
		{02BE01DA-EFDD-4546-9C6C-2D49CE8F14F8}.Release|x64.Deploy.0 = Release|Any CPU
		{02BE01DA-EFDD-4546-9C6C-2D49CE8F14F8}.Release|x86.ActiveCfg = Release|Any CPU
		{02BE01DA-EFDD-4546-9C6C-2D49CE8F14F8}.Release|x86.Build.0 = Release|Any CPU
		{02BE01DA-EFDD-4546-9C6C-2D49CE8F14F8}.Release|x86.Deploy.0 = Release|Any CPU
		{4C22BFDA-5874-4348-B67D-2B06D262BAE4}.Ad-Hoc|Any CPU.ActiveCfg = Release|iPhone
		{4C22BFDA-5874-4348-B67D-2B06D262BAE4}.Ad-Hoc|Any CPU.Build.0 = Release|iPhone
		{4C22BFDA-5874-4348-B67D-2B06D262BAE4}.Ad-Hoc|ARM.ActiveCfg = Release|iPhone
		{4C22BFDA-5874-4348-B67D-2B06D262BAE4}.Ad-Hoc|ARM.Build.0 = Release|iPhone
		{4C22BFDA-5874-4348-B67D-2B06D262BAE4}.Ad-Hoc|iPhone.ActiveCfg = Release|iPhone
		{4C22BFDA-5874-4348-B67D-2B06D262BAE4}.Ad-Hoc|iPhone.Build.0 = Release|iPhone
		{4C22BFDA-5874-4348-B67D-2B06D262BAE4}.Ad-Hoc|iPhoneSimulator.ActiveCfg = Release|iPhoneSimulator
		{4C22BFDA-5874-4348-B67D-2B06D262BAE4}.Ad-Hoc|iPhoneSimulator.Build.0 = Release|iPhoneSimulator
		{4C22BFDA-5874-4348-B67D-2B06D262BAE4}.Ad-Hoc|x64.ActiveCfg = Release|iPhone
		{4C22BFDA-5874-4348-B67D-2B06D262BAE4}.Ad-Hoc|x64.Build.0 = Release|iPhone
		{4C22BFDA-5874-4348-B67D-2B06D262BAE4}.Ad-Hoc|x86.ActiveCfg = Release|iPhone
		{4C22BFDA-5874-4348-B67D-2B06D262BAE4}.Ad-Hoc|x86.Build.0 = Release|iPhone
		{4C22BFDA-5874-4348-B67D-2B06D262BAE4}.AppStore|Any CPU.ActiveCfg = Release|iPhone
		{4C22BFDA-5874-4348-B67D-2B06D262BAE4}.AppStore|Any CPU.Build.0 = Release|iPhone
		{4C22BFDA-5874-4348-B67D-2B06D262BAE4}.AppStore|ARM.ActiveCfg = Release|iPhone
		{4C22BFDA-5874-4348-B67D-2B06D262BAE4}.AppStore|ARM.Build.0 = Release|iPhone
		{4C22BFDA-5874-4348-B67D-2B06D262BAE4}.AppStore|iPhone.ActiveCfg = Release|iPhone
		{4C22BFDA-5874-4348-B67D-2B06D262BAE4}.AppStore|iPhone.Build.0 = Release|iPhone
		{4C22BFDA-5874-4348-B67D-2B06D262BAE4}.AppStore|iPhoneSimulator.ActiveCfg = Release|iPhoneSimulator
		{4C22BFDA-5874-4348-B67D-2B06D262BAE4}.AppStore|iPhoneSimulator.Build.0 = Release|iPhoneSimulator
		{4C22BFDA-5874-4348-B67D-2B06D262BAE4}.AppStore|x64.ActiveCfg = Release|iPhone
		{4C22BFDA-5874-4348-B67D-2B06D262BAE4}.AppStore|x64.Build.0 = Release|iPhone
		{4C22BFDA-5874-4348-B67D-2B06D262BAE4}.AppStore|x86.ActiveCfg = Release|iPhone
		{4C22BFDA-5874-4348-B67D-2B06D262BAE4}.AppStore|x86.Build.0 = Release|iPhone
		{4C22BFDA-5874-4348-B67D-2B06D262BAE4}.Debug|Any CPU.ActiveCfg = Debug|iPhone
		{4C22BFDA-5874-4348-B67D-2B06D262BAE4}.Debug|ARM.ActiveCfg = Debug|iPhone
		{4C22BFDA-5874-4348-B67D-2B06D262BAE4}.Debug|iPhone.ActiveCfg = Debug|iPhone
		{4C22BFDA-5874-4348-B67D-2B06D262BAE4}.Debug|iPhone.Build.0 = Debug|iPhone
		{4C22BFDA-5874-4348-B67D-2B06D262BAE4}.Debug|iPhoneSimulator.ActiveCfg = Debug|iPhoneSimulator
		{4C22BFDA-5874-4348-B67D-2B06D262BAE4}.Debug|iPhoneSimulator.Build.0 = Debug|iPhoneSimulator
		{4C22BFDA-5874-4348-B67D-2B06D262BAE4}.Debug|x64.ActiveCfg = Debug|iPhone
		{4C22BFDA-5874-4348-B67D-2B06D262BAE4}.Debug|x86.ActiveCfg = Debug|iPhone
		{4C22BFDA-5874-4348-B67D-2B06D262BAE4}.Release|Any CPU.ActiveCfg = Release|iPhone
		{4C22BFDA-5874-4348-B67D-2B06D262BAE4}.Release|ARM.ActiveCfg = Release|iPhone
		{4C22BFDA-5874-4348-B67D-2B06D262BAE4}.Release|iPhone.ActiveCfg = Release|iPhone
		{4C22BFDA-5874-4348-B67D-2B06D262BAE4}.Release|iPhone.Build.0 = Release|iPhone
		{4C22BFDA-5874-4348-B67D-2B06D262BAE4}.Release|iPhoneSimulator.ActiveCfg = Release|iPhoneSimulator
		{4C22BFDA-5874-4348-B67D-2B06D262BAE4}.Release|iPhoneSimulator.Build.0 = Release|iPhoneSimulator
		{4C22BFDA-5874-4348-B67D-2B06D262BAE4}.Release|x64.ActiveCfg = Release|iPhone
		{4C22BFDA-5874-4348-B67D-2B06D262BAE4}.Release|x86.ActiveCfg = Release|iPhone
	EndGlobalSection
	GlobalSection(SolutionProperties) = preSolution
		HideSolutionNode = FALSE
	EndGlobalSection
	GlobalSection(ExtensibilityGlobals) = postSolution
		SolutionGuid = {26A060E2-33BE-4593-9753-111391CFDDA1}
	EndGlobalSection
EndGlobal
