
Microsoft Visual Studio Solution File, Format Version 12.00
# Visual Studio 15
VisualStudioVersion = 15.0.27703.2042
MinimumVisualStudioVersion = 10.0.40219.1
Project("{9A19103F-16F7-4668-BE54-9A1E7A4F7556}") = "RxNavigation.XamForms", "RxNavigation.XamForms\RxNavigation.XamForms.csproj", "{AC7DD257-3EB2-41DD-974E-618FAD6D73FE}"
EndProject
Project("{9A19103F-16F7-4668-BE54-9A1E7A4F7556}") = "RxNavigation", "RxNavigation\RxNavigation.csproj", "{C943E84E-7734-45D8-9577-9AC52BF191AA}"
EndProject
Project("{FAE04EC0-301F-11D3-BF4B-00C04F79EFBC}") = "RxNavigation.Tests", "RxNavigation.Tests\RxNavigation.Tests.csproj", "{2E3DF5C2-8A38-4A03-86D7-8D463C917E47}"
EndProject
Project("{2150E333-8FDC-42A3-9474-1A3956D46DE8}") = "Solution Items", "Solution Items", "{984CAA59-964B-47DB-B3E2-2C911B62E07F}"
	ProjectSection(SolutionItems) = preProject
		analyzers.ruleset = analyzers.ruleset
		directory.build.props = directory.build.props
		directory.build.targets = directory.build.targets
		global.json = global.json
		stylecop.json = stylecop.json
	EndProjectSection
EndProject
Global
	GlobalSection(SolutionConfigurationPlatforms) = preSolution
		Ad-Hoc|Any CPU = Ad-Hoc|Any CPU
		Ad-Hoc|iPhone = Ad-Hoc|iPhone
		Ad-Hoc|iPhoneSimulator = Ad-Hoc|iPhoneSimulator
		AppStore|Any CPU = AppStore|Any CPU
		AppStore|iPhone = AppStore|iPhone
		AppStore|iPhoneSimulator = AppStore|iPhoneSimulator
		Debug|Any CPU = Debug|Any CPU
		Debug|iPhone = Debug|iPhone
		Debug|iPhoneSimulator = Debug|iPhoneSimulator
		Release|Any CPU = Release|Any CPU
		Release|iPhone = Release|iPhone
		Release|iPhoneSimulator = Release|iPhoneSimulator
	EndGlobalSection
	GlobalSection(ProjectConfigurationPlatforms) = postSolution
		{AC7DD257-3EB2-41DD-974E-618FAD6D73FE}.Ad-Hoc|Any CPU.ActiveCfg = Release|Any CPU
		{AC7DD257-3EB2-41DD-974E-618FAD6D73FE}.Ad-Hoc|Any CPU.Build.0 = Release|Any CPU
		{AC7DD257-3EB2-41DD-974E-618FAD6D73FE}.Ad-Hoc|iPhone.ActiveCfg = Release|Any CPU
		{AC7DD257-3EB2-41DD-974E-618FAD6D73FE}.Ad-Hoc|iPhone.Build.0 = Release|Any CPU
		{AC7DD257-3EB2-41DD-974E-618FAD6D73FE}.Ad-Hoc|iPhoneSimulator.ActiveCfg = Release|Any CPU
		{AC7DD257-3EB2-41DD-974E-618FAD6D73FE}.Ad-Hoc|iPhoneSimulator.Build.0 = Release|Any CPU
		{AC7DD257-3EB2-41DD-974E-618FAD6D73FE}.AppStore|Any CPU.ActiveCfg = Release|Any CPU
		{AC7DD257-3EB2-41DD-974E-618FAD6D73FE}.AppStore|Any CPU.Build.0 = Release|Any CPU
		{AC7DD257-3EB2-41DD-974E-618FAD6D73FE}.AppStore|iPhone.ActiveCfg = Release|Any CPU
		{AC7DD257-3EB2-41DD-974E-618FAD6D73FE}.AppStore|iPhone.Build.0 = Release|Any CPU
		{AC7DD257-3EB2-41DD-974E-618FAD6D73FE}.AppStore|iPhoneSimulator.ActiveCfg = Release|Any CPU
		{AC7DD257-3EB2-41DD-974E-618FAD6D73FE}.AppStore|iPhoneSimulator.Build.0 = Release|Any CPU
		{AC7DD257-3EB2-41DD-974E-618FAD6D73FE}.Debug|Any CPU.ActiveCfg = Debug|Any CPU
		{AC7DD257-3EB2-41DD-974E-618FAD6D73FE}.Debug|Any CPU.Build.0 = Debug|Any CPU
		{AC7DD257-3EB2-41DD-974E-618FAD6D73FE}.Debug|iPhone.ActiveCfg = Debug|Any CPU
		{AC7DD257-3EB2-41DD-974E-618FAD6D73FE}.Debug|iPhone.Build.0 = Debug|Any CPU
		{AC7DD257-3EB2-41DD-974E-618FAD6D73FE}.Debug|iPhoneSimulator.ActiveCfg = Debug|Any CPU
		{AC7DD257-3EB2-41DD-974E-618FAD6D73FE}.Debug|iPhoneSimulator.Build.0 = Debug|Any CPU
		{AC7DD257-3EB2-41DD-974E-618FAD6D73FE}.Release|Any CPU.ActiveCfg = Release|Any CPU
		{AC7DD257-3EB2-41DD-974E-618FAD6D73FE}.Release|Any CPU.Build.0 = Release|Any CPU
		{AC7DD257-3EB2-41DD-974E-618FAD6D73FE}.Release|iPhone.ActiveCfg = Release|Any CPU
		{AC7DD257-3EB2-41DD-974E-618FAD6D73FE}.Release|iPhone.Build.0 = Release|Any CPU
		{AC7DD257-3EB2-41DD-974E-618FAD6D73FE}.Release|iPhoneSimulator.ActiveCfg = Release|Any CPU
		{AC7DD257-3EB2-41DD-974E-618FAD6D73FE}.Release|iPhoneSimulator.Build.0 = Release|Any CPU
		{C943E84E-7734-45D8-9577-9AC52BF191AA}.Ad-Hoc|Any CPU.ActiveCfg = Release|Any CPU
		{C943E84E-7734-45D8-9577-9AC52BF191AA}.Ad-Hoc|Any CPU.Build.0 = Release|Any CPU
		{C943E84E-7734-45D8-9577-9AC52BF191AA}.Ad-Hoc|iPhone.ActiveCfg = Release|Any CPU
		{C943E84E-7734-45D8-9577-9AC52BF191AA}.Ad-Hoc|iPhone.Build.0 = Release|Any CPU
		{C943E84E-7734-45D8-9577-9AC52BF191AA}.Ad-Hoc|iPhoneSimulator.ActiveCfg = Release|Any CPU
		{C943E84E-7734-45D8-9577-9AC52BF191AA}.Ad-Hoc|iPhoneSimulator.Build.0 = Release|Any CPU
		{C943E84E-7734-45D8-9577-9AC52BF191AA}.AppStore|Any CPU.ActiveCfg = Release|Any CPU
		{C943E84E-7734-45D8-9577-9AC52BF191AA}.AppStore|Any CPU.Build.0 = Release|Any CPU
		{C943E84E-7734-45D8-9577-9AC52BF191AA}.AppStore|iPhone.ActiveCfg = Release|Any CPU
		{C943E84E-7734-45D8-9577-9AC52BF191AA}.AppStore|iPhone.Build.0 = Release|Any CPU
		{C943E84E-7734-45D8-9577-9AC52BF191AA}.AppStore|iPhoneSimulator.ActiveCfg = Release|Any CPU
		{C943E84E-7734-45D8-9577-9AC52BF191AA}.AppStore|iPhoneSimulator.Build.0 = Release|Any CPU
		{C943E84E-7734-45D8-9577-9AC52BF191AA}.Debug|Any CPU.ActiveCfg = Debug|Any CPU
		{C943E84E-7734-45D8-9577-9AC52BF191AA}.Debug|Any CPU.Build.0 = Debug|Any CPU
		{C943E84E-7734-45D8-9577-9AC52BF191AA}.Debug|iPhone.ActiveCfg = Debug|Any CPU
		{C943E84E-7734-45D8-9577-9AC52BF191AA}.Debug|iPhone.Build.0 = Debug|Any CPU
		{C943E84E-7734-45D8-9577-9AC52BF191AA}.Debug|iPhoneSimulator.ActiveCfg = Debug|Any CPU
		{C943E84E-7734-45D8-9577-9AC52BF191AA}.Debug|iPhoneSimulator.Build.0 = Debug|Any CPU
		{C943E84E-7734-45D8-9577-9AC52BF191AA}.Release|Any CPU.ActiveCfg = Release|Any CPU
		{C943E84E-7734-45D8-9577-9AC52BF191AA}.Release|Any CPU.Build.0 = Release|Any CPU
		{C943E84E-7734-45D8-9577-9AC52BF191AA}.Release|iPhone.ActiveCfg = Release|Any CPU
		{C943E84E-7734-45D8-9577-9AC52BF191AA}.Release|iPhone.Build.0 = Release|Any CPU
		{C943E84E-7734-45D8-9577-9AC52BF191AA}.Release|iPhoneSimulator.ActiveCfg = Release|Any CPU
		{C943E84E-7734-45D8-9577-9AC52BF191AA}.Release|iPhoneSimulator.Build.0 = Release|Any CPU
		{2E3DF5C2-8A38-4A03-86D7-8D463C917E47}.Ad-Hoc|Any CPU.ActiveCfg = Release|Any CPU
		{2E3DF5C2-8A38-4A03-86D7-8D463C917E47}.Ad-Hoc|Any CPU.Build.0 = Release|Any CPU
		{2E3DF5C2-8A38-4A03-86D7-8D463C917E47}.Ad-Hoc|iPhone.ActiveCfg = Release|Any CPU
		{2E3DF5C2-8A38-4A03-86D7-8D463C917E47}.Ad-Hoc|iPhone.Build.0 = Release|Any CPU
		{2E3DF5C2-8A38-4A03-86D7-8D463C917E47}.Ad-Hoc|iPhoneSimulator.ActiveCfg = Release|Any CPU
		{2E3DF5C2-8A38-4A03-86D7-8D463C917E47}.Ad-Hoc|iPhoneSimulator.Build.0 = Release|Any CPU
		{2E3DF5C2-8A38-4A03-86D7-8D463C917E47}.AppStore|Any CPU.ActiveCfg = Release|Any CPU
		{2E3DF5C2-8A38-4A03-86D7-8D463C917E47}.AppStore|Any CPU.Build.0 = Release|Any CPU
		{2E3DF5C2-8A38-4A03-86D7-8D463C917E47}.AppStore|iPhone.ActiveCfg = Release|Any CPU
		{2E3DF5C2-8A38-4A03-86D7-8D463C917E47}.AppStore|iPhone.Build.0 = Release|Any CPU
		{2E3DF5C2-8A38-4A03-86D7-8D463C917E47}.AppStore|iPhoneSimulator.ActiveCfg = Release|Any CPU
		{2E3DF5C2-8A38-4A03-86D7-8D463C917E47}.AppStore|iPhoneSimulator.Build.0 = Release|Any CPU
		{2E3DF5C2-8A38-4A03-86D7-8D463C917E47}.Debug|Any CPU.ActiveCfg = Debug|Any CPU
		{2E3DF5C2-8A38-4A03-86D7-8D463C917E47}.Debug|Any CPU.Build.0 = Debug|Any CPU
		{2E3DF5C2-8A38-4A03-86D7-8D463C917E47}.Debug|iPhone.ActiveCfg = Debug|Any CPU
		{2E3DF5C2-8A38-4A03-86D7-8D463C917E47}.Debug|iPhone.Build.0 = Debug|Any CPU
		{2E3DF5C2-8A38-4A03-86D7-8D463C917E47}.Debug|iPhoneSimulator.ActiveCfg = Debug|Any CPU
		{2E3DF5C2-8A38-4A03-86D7-8D463C917E47}.Debug|iPhoneSimulator.Build.0 = Debug|Any CPU
		{2E3DF5C2-8A38-4A03-86D7-8D463C917E47}.Release|Any CPU.ActiveCfg = Release|Any CPU
		{2E3DF5C2-8A38-4A03-86D7-8D463C917E47}.Release|Any CPU.Build.0 = Release|Any CPU
		{2E3DF5C2-8A38-4A03-86D7-8D463C917E47}.Release|iPhone.ActiveCfg = Release|Any CPU
		{2E3DF5C2-8A38-4A03-86D7-8D463C917E47}.Release|iPhone.Build.0 = Release|Any CPU
		{2E3DF5C2-8A38-4A03-86D7-8D463C917E47}.Release|iPhoneSimulator.ActiveCfg = Release|Any CPU
		{2E3DF5C2-8A38-4A03-86D7-8D463C917E47}.Release|iPhoneSimulator.Build.0 = Release|Any CPU
	EndGlobalSection
	GlobalSection(SolutionProperties) = preSolution
		HideSolutionNode = FALSE
	EndGlobalSection
	GlobalSection(ExtensibilityGlobals) = postSolution
		SolutionGuid = {EBB30261-7890-4167-BF5B-228AE65CDB6C}
	EndGlobalSection
EndGlobal
